github.com/noxworld-dev/noxscript/ns/v3 v3.1.3 h1:YtqqlMrDFJQ3ngSd/kkb5KiHstkVyF7DzMFamd1/JRs=
github.com/noxworld-dev/noxscript/ns/v3 v3.1.3/go.mod h1:nWwUpg0DDMbOQutvYK2stdAtbjbcES2GCr5Sn26265Q=
github.com/noxworld-dev/noxscript/ns/v4 v4.1.3 h1:/lMiRc86vHHRPUhpKZ7RzmoXNb2d8DWvRMqq3+8g90w=
github.com/noxworld-dev/noxscript/ns/v4 v4.1.3/go.mod h1:mth+WguInjfmvweoIdQwFfueSBGVPtGpbb+PfeD3CVc=
github.com/noxworld-dev/opennox-lib v0.0.0-20221231150548-07fe5c19848c h1:tqr136/p8uHwDJZu6MxAh5rYC5+d3LfKrco6uRIqhUE=
github.com/noxworld-dev/opennox-lib v0.0.0-20221231150548-07fe5c19848c/go.mod h1:TJuQIqsIaAFumYNVY4759J3XVuFzC3cyE0XcQuN6+uI=
golang.org/x/exp v0.0.0-20221031165847-c99f073a8326 h1:QfTh0HpN6hlw6D3vu8DAwC8pBIwikq0AI1evdm+FksE=
golang.org/x/exp v0.0.0-20221031165847-c99f073a8326/go.mod h1:CxIveKay+FTh1D0yPZemJVgC/95VzuuOLq5Qi4xnoYc=
gopkg.in/check.v1 v0.0.0-20161208181325-20d25e280405 h1:yhCVgyC4o1eVCa2tZl7eS0r+SDo693bJlVdllGtEeKM=
gopkg.in/check.v1 v0.0.0-20161208181325-20d25e280405/go.mod h1:Co6ibVJAznAaIkqp8huTwlJQCZ016jof/cbN4VW5Yz0=
gopkg.in/yaml.v2 v2.4.0 h1:D8xgwECY7CYvx+Y2n4sBz93Jn9JRvxdiyyo8CTfuKaY=
gopkg.in/yaml.v2 v2.4.0/go.mod h1:RDklbk79AGWmwhnvt/jBztapEOGDOx6ZbXqjP6csGnQ=
