github.com/noxworld-dev/noxscript/ns/v3 v3.1.5 h1:TlqGNWT4FmpNpqR3n46nzBaLpish470lIKUwMUaSlxk=
github.com/noxworld-dev/noxscript/ns/v3 v3.1.5/go.mod h1:BpPgA9JVW4uyU2uzyW9c3fShSdcCtxzBaje7Id8KfYg=
github.com/noxworld-dev/noxscript/ns/v4 v4.4.0 h1:s30Kk/cZpdprEMXYhfkhd1Ssaz4CDnzFLp5Xlu0Xl1Y=
github.com/noxworld-dev/noxscript/ns/v4 v4.4.0/go.mod h1:JaoDQVXZApB6jty5b2XaDshwTs96k6ib+Coe/V9AZiA=
github.com/noxworld-dev/opennox-lib v0.0.0-20230401114242-a929e8b41328 h1:pWBPmZbHVV7CR6uAisGH/IZvqramuz29Vhp51+jI6lg=
github.com/noxworld-dev/opennox-lib v0.0.0-20230401114242-a929e8b41328/go.mod h1:JiL+Uarmzwbw5KReDP6ICWfJBO/GKaSBI2Q/cccjw4s=
golang.org/x/exp v0.0.0-20221031165847-c99f073a8326 h1:QfTh0HpN6hlw6D3vu8DAwC8pBIwikq0AI1evdm+FksE=
golang.org/x/exp v0.0.0-20221031165847-c99f073a8326/go.mod h1:CxIveKay+FTh1D0yPZemJVgC/95VzuuOLq5Qi4xnoYc=
gopkg.in/check.v1 v0.0.0-20161208181325-20d25e280405 h1:yhCVgyC4o1eVCa2tZl7eS0r+SDo693bJlVdllGtEeKM=
gopkg.in/check.v1 v0.0.0-20161208181325-20d25e280405/go.mod h1:Co6ibVJAznAaIkqp8huTwlJQCZ016jof/cbN4VW5Yz0=
gopkg.in/yaml.v2 v2.4.0 h1:D8xgwECY7CYvx+Y2n4sBz93Jn9JRvxdiyyo8CTfuKaY=
gopkg.in/yaml.v2 v2.4.0/go.mod h1:RDklbk79AGWmwhnvt/jBztapEOGDOx6ZbXqjP6csGnQ=
